// !$*UTF8*$!
{
	archiveVersion = 1;
	classes = {
	};
	objectVersion = 56;
	objects = {

/* Begin PBXBuildFile section */
		CC15B33D2C5E734400640521 /* MangaHomeView.swift in Sources */ = {isa = PBXBuildFile; fileRef = CC15B33C2C5E734400640521 /* MangaHomeView.swift */; };
		CC3181892C6A824100049255 /* AnimeHomeView.swift in Sources */ = {isa = PBXBuildFile; fileRef = CC3181882C6A824100049255 /* AnimeHomeView.swift */; };
		CC31818C2C6A97F600049255 /* EpisodeView.swift in Sources */ = {isa = PBXBuildFile; fileRef = CC31818B2C6A97F600049255 /* EpisodeView.swift */; };
		CC77C4822BA665EE00A2F6C4 /* SwiftSoup in Frameworks */ = {isa = PBXBuildFile; productRef = CC77C4812BA665EE00A2F6C4 /* SwiftSoup */; };
		CC7C16832C5D323900BF6CF7 /* MangaView.swift in Sources */ = {isa = PBXBuildFile; fileRef = CC7C16822C5D323900BF6CF7 /* MangaView.swift */; };
		CC8C10792C6BF0280046E98A /* EpisodeModel.swift in Sources */ = {isa = PBXBuildFile; fileRef = CC8C10782C6BF0280046E98A /* EpisodeModel.swift */; };
		CC8DF6592BA1FC1500155657 /* Animang.swift in Sources */ = {isa = PBXBuildFile; fileRef = CC8DF6582BA1FC1500155657 /* Animang.swift */; };
		CC8DF65B2BA1FC1500155657 /* ContentView.swift in Sources */ = {isa = PBXBuildFile; fileRef = CC8DF65A2BA1FC1500155657 /* ContentView.swift */; };
		CC8DF65D2BA1FC1600155657 /* Assets.xcassets in Resources */ = {isa = PBXBuildFile; fileRef = CC8DF65C2BA1FC1600155657 /* Assets.xcassets */; };
		CC8DF6612BA1FC1600155657 /* Preview Assets.xcassets in Resources */ = {isa = PBXBuildFile; fileRef = CC8DF6602BA1FC1600155657 /* Preview Assets.xcassets */; };
		CCAA56E92C5FE79A00BC756E /* MangaHomeViewModel.swift in Sources */ = {isa = PBXBuildFile; fileRef = CCAA56E82C5FE79A00BC756E /* MangaHomeViewModel.swift */; };
		CCAA56EB2C5FE7E100BC756E /* MangaHomeModel.swift in Sources */ = {isa = PBXBuildFile; fileRef = CCAA56EA2C5FE7E100BC756E /* MangaHomeModel.swift */; };
		CCAA56EE2C5FEE5800BC756E /* MangaSearchView.swift in Sources */ = {isa = PBXBuildFile; fileRef = CCAA56ED2C5FEE5800BC756E /* MangaSearchView.swift */; };
		CCD7CE592C5D668F001A95FB /* MangaModel.swift in Sources */ = {isa = PBXBuildFile; fileRef = CCD7CE582C5D668F001A95FB /* MangaModel.swift */; };
		CCFAB71C2C5C1D4800D58EF8 /* ChapterView.swift in Sources */ = {isa = PBXBuildFile; fileRef = CCFAB71B2C5C1D4800D58EF8 /* ChapterView.swift */; };
/* End PBXBuildFile section */

/* Begin PBXFileReference section */
		CC15B33C2C5E734400640521 /* MangaHomeView.swift */ = {isa = PBXFileReference; lastKnownFileType = sourcecode.swift; path = MangaHomeView.swift; sourceTree = "<group>"; };
		CC3181882C6A824100049255 /* AnimeHomeView.swift */ = {isa = PBXFileReference; lastKnownFileType = sourcecode.swift; path = AnimeHomeView.swift; sourceTree = "<group>"; };
		CC31818B2C6A97F600049255 /* EpisodeView.swift */ = {isa = PBXFileReference; lastKnownFileType = sourcecode.swift; path = EpisodeView.swift; sourceTree = "<group>"; };
		CC7C16822C5D323900BF6CF7 /* MangaView.swift */ = {isa = PBXFileReference; lastKnownFileType = sourcecode.swift; path = MangaView.swift; sourceTree = "<group>"; };
		CC8C10782C6BF0280046E98A /* EpisodeModel.swift */ = {isa = PBXFileReference; lastKnownFileType = sourcecode.swift; path = EpisodeModel.swift; sourceTree = "<group>"; };
		CC8DF6552BA1FC1500155657 /* Animang.app */ = {isa = PBXFileReference; explicitFileType = wrapper.application; includeInIndex = 0; path = Animang.app; sourceTree = BUILT_PRODUCTS_DIR; };
		CC8DF6582BA1FC1500155657 /* Animang.swift */ = {isa = PBXFileReference; lastKnownFileType = sourcecode.swift; path = Animang.swift; sourceTree = "<group>"; };
		CC8DF65A2BA1FC1500155657 /* ContentView.swift */ = {isa = PBXFileReference; lastKnownFileType = sourcecode.swift; path = ContentView.swift; sourceTree = "<group>"; };
		CC8DF65C2BA1FC1600155657 /* Assets.xcassets */ = {isa = PBXFileReference; lastKnownFileType = folder.assetcatalog; path = Assets.xcassets; sourceTree = "<group>"; };
		CC8DF65E2BA1FC1600155657 /* Animang.entitlements */ = {isa = PBXFileReference; lastKnownFileType = text.plist.entitlements; path = Animang.entitlements; sourceTree = "<group>"; };
		CC8DF6602BA1FC1600155657 /* Preview Assets.xcassets */ = {isa = PBXFileReference; lastKnownFileType = folder.assetcatalog; path = "Preview Assets.xcassets"; sourceTree = "<group>"; };
		CCAA56E82C5FE79A00BC756E /* MangaHomeViewModel.swift */ = {isa = PBXFileReference; lastKnownFileType = sourcecode.swift; path = MangaHomeViewModel.swift; sourceTree = "<group>"; };
		CCAA56EA2C5FE7E100BC756E /* MangaHomeModel.swift */ = {isa = PBXFileReference; lastKnownFileType = sourcecode.swift; path = MangaHomeModel.swift; sourceTree = "<group>"; };
		CCAA56ED2C5FEE5800BC756E /* MangaSearchView.swift */ = {isa = PBXFileReference; lastKnownFileType = sourcecode.swift; path = MangaSearchView.swift; sourceTree = "<group>"; };
		CCD7CE582C5D668F001A95FB /* MangaModel.swift */ = {isa = PBXFileReference; lastKnownFileType = sourcecode.swift; path = MangaModel.swift; sourceTree = "<group>"; };
		CCFAB71B2C5C1D4800D58EF8 /* ChapterView.swift */ = {isa = PBXFileReference; lastKnownFileType = sourcecode.swift; path = ChapterView.swift; sourceTree = "<group>"; };
/* End PBXFileReference section */

/* Begin PBXFrameworksBuildPhase section */
		CC8DF6522BA1FC1500155657 /* Frameworks */ = {
			isa = PBXFrameworksBuildPhase;
			buildActionMask = 2147483647;
			files = (
				CC77C4822BA665EE00A2F6C4 /* SwiftSoup in Frameworks */,
			);
			runOnlyForDeploymentPostprocessing = 0;
		};
/* End PBXFrameworksBuildPhase section */

/* Begin PBXGroup section */
		CC15B33B2C5E733700640521 /* MangaHome */ = {
			isa = PBXGroup;
			children = (
				CC15B33C2C5E734400640521 /* MangaHomeView.swift */,
				CCAA56E82C5FE79A00BC756E /* MangaHomeViewModel.swift */,
				CCAA56EA2C5FE7E100BC756E /* MangaHomeModel.swift */,
			);
			path = MangaHome;
			sourceTree = "<group>";
		};
		CC3181872C6A820A00049255 /* AnimeHomeView */ = {
			isa = PBXGroup;
			children = (
				CC3181882C6A824100049255 /* AnimeHomeView.swift */,
			);
			path = AnimeHomeView;
			sourceTree = "<group>";
		};
		CC31818A2C6A94DC00049255 /* EpisodeView */ = {
			isa = PBXGroup;
			children = (
				CC31818B2C6A97F600049255 /* EpisodeView.swift */,
				CC8C10782C6BF0280046E98A /* EpisodeModel.swift */,
			);
			path = EpisodeView;
			sourceTree = "<group>";
		};
		CC7C16812C5D322600BF6CF7 /* Manga */ = {
			isa = PBXGroup;
			children = (
				CC7C16822C5D323900BF6CF7 /* MangaView.swift */,
				CCD7CE582C5D668F001A95FB /* MangaModel.swift */,
			);
			path = Manga;
			sourceTree = "<group>";
		};
		CC8DF64C2BA1FC1500155657 = {
			isa = PBXGroup;
			children = (
				CC8DF6572BA1FC1500155657 /* Animang */,
				CC8DF6562BA1FC1500155657 /* Products */,
			);
			sourceTree = "<group>";
		};
		CC8DF6562BA1FC1500155657 /* Products */ = {
			isa = PBXGroup;
			children = (
				CC8DF6552BA1FC1500155657 /* Animang.app */,
			);
			name = Products;
			sourceTree = "<group>";
		};
		CC8DF6572BA1FC1500155657 /* Animang */ = {
			isa = PBXGroup;
			children = (
				CCFAB7112C5C1AD200D58EF8 /* Code */,
				CC8DF6582BA1FC1500155657 /* Animang.swift */,
				CC8DF65A2BA1FC1500155657 /* ContentView.swift */,
				CC8DF65C2BA1FC1600155657 /* Assets.xcassets */,
				CC8DF65E2BA1FC1600155657 /* Animang.entitlements */,
				CC8DF65F2BA1FC1600155657 /* Preview Content */,
			);
			path = Animang;
			sourceTree = "<group>";
		};
		CC8DF65F2BA1FC1600155657 /* Preview Content */ = {
			isa = PBXGroup;
			children = (
				CC8DF6602BA1FC1600155657 /* Preview Assets.xcassets */,
			);
			path = "Preview Content";
			sourceTree = "<group>";
		};
		CCAA56EC2C5FEE2E00BC756E /* MangaSearch */ = {
			isa = PBXGroup;
			children = (
				CCAA56ED2C5FEE5800BC756E /* MangaSearchView.swift */,
			);
			path = MangaSearch;
			sourceTree = "<group>";
		};
		CCFAB7102C5C1AC900D58EF8 /* Features */ = {
			isa = PBXGroup;
			children = (
				CC31818A2C6A94DC00049255 /* EpisodeView */,
				CC3181872C6A820A00049255 /* AnimeHomeView */,
				CCAA56EC2C5FEE2E00BC756E /* MangaSearch */,
				CC15B33B2C5E733700640521 /* MangaHome */,
				CC7C16812C5D322600BF6CF7 /* Manga */,
				CCFAB7192C5C1D2A00D58EF8 /* Chapter */,
			);
			path = Features;
			sourceTree = "<group>";
		};
		CCFAB7112C5C1AD200D58EF8 /* Code */ = {
			isa = PBXGroup;
			children = (
				CCFAB7102C5C1AC900D58EF8 /* Features */,
			);
			path = Code;
			sourceTree = "<group>";
		};
		CCFAB7192C5C1D2A00D58EF8 /* Chapter */ = {
			isa = PBXGroup;
			children = (
				CCFAB71B2C5C1D4800D58EF8 /* ChapterView.swift */,
			);
			path = Chapter;
			sourceTree = "<group>";
		};
/* End PBXGroup section */

/* Begin PBXNativeTarget section */
		CC8DF6542BA1FC1500155657 /* Animang */ = {
			isa = PBXNativeTarget;
			buildConfigurationList = CC8DF6642BA1FC1600155657 /* Build configuration list for PBXNativeTarget "Animang" */;
			buildPhases = (
				CC8DF6512BA1FC1500155657 /* Sources */,
				CC8DF6522BA1FC1500155657 /* Frameworks */,
				CC8DF6532BA1FC1500155657 /* Resources */,
			);
			buildRules = (
			);
			dependencies = (
			);
			name = Animang;
			packageProductDependencies = (
				CC77C4812BA665EE00A2F6C4 /* SwiftSoup */,
			);
			productName = "Manganel&Animes";
			productReference = CC8DF6552BA1FC1500155657 /* Animang.app */;
			productType = "com.apple.product-type.application";
		};
/* End PBXNativeTarget section */

/* Begin PBXProject section */
		CC8DF64D2BA1FC1500155657 /* Project object */ = {
			isa = PBXProject;
			attributes = {
				BuildIndependentTargetsInParallel = 1;
				LastSwiftUpdateCheck = 1530;
				LastUpgradeCheck = 1540;
				TargetAttributes = {
					CC8DF6542BA1FC1500155657 = {
						CreatedOnToolsVersion = 15.3;
					};
				};
			};
			buildConfigurationList = CC8DF6502BA1FC1500155657 /* Build configuration list for PBXProject "Animang" */;
			compatibilityVersion = "Xcode 14.0";
			developmentRegion = en;
			hasScannedForEncodings = 0;
			knownRegions = (
				en,
				Base,
			);
			mainGroup = CC8DF64C2BA1FC1500155657;
			packageReferences = (
				CC77C4802BA665EE00A2F6C4 /* XCRemoteSwiftPackageReference "SwiftSoup" */,
			);
			productRefGroup = CC8DF6562BA1FC1500155657 /* Products */;
			projectDirPath = "";
			projectRoot = "";
			targets = (
				CC8DF6542BA1FC1500155657 /* Animang */,
			);
		};
/* End PBXProject section */

/* Begin PBXResourcesBuildPhase section */
		CC8DF6532BA1FC1500155657 /* Resources */ = {
			isa = PBXResourcesBuildPhase;
			buildActionMask = 2147483647;
			files = (
				CC8DF6612BA1FC1600155657 /* Preview Assets.xcassets in Resources */,
				CC8DF65D2BA1FC1600155657 /* Assets.xcassets in Resources */,
			);
			runOnlyForDeploymentPostprocessing = 0;
		};
/* End PBXResourcesBuildPhase section */

/* Begin PBXSourcesBuildPhase section */
		CC8DF6512BA1FC1500155657 /* Sources */ = {
			isa = PBXSourcesBuildPhase;
			buildActionMask = 2147483647;
			files = (
				CC8DF65B2BA1FC1500155657 /* ContentView.swift in Sources */,
				CC7C16832C5D323900BF6CF7 /* MangaView.swift in Sources */,
				CCAA56EE2C5FEE5800BC756E /* MangaSearchView.swift in Sources */,
				CC31818C2C6A97F600049255 /* EpisodeView.swift in Sources */,
				CCAA56E92C5FE79A00BC756E /* MangaHomeViewModel.swift in Sources */,
				CCD7CE592C5D668F001A95FB /* MangaModel.swift in Sources */,
				CC8DF6592BA1FC1500155657 /* Animang.swift in Sources */,
				CCAA56EB2C5FE7E100BC756E /* MangaHomeModel.swift in Sources */,
				CC15B33D2C5E734400640521 /* MangaHomeView.swift in Sources */,
				CC3181892C6A824100049255 /* AnimeHomeView.swift in Sources */,
				CCFAB71C2C5C1D4800D58EF8 /* ChapterView.swift in Sources */,
				CC8C10792C6BF0280046E98A /* EpisodeModel.swift in Sources */,
			);
			runOnlyForDeploymentPostprocessing = 0;
		};
/* End PBXSourcesBuildPhase section */

/* Begin XCBuildConfiguration section */
		CC8DF6622BA1FC1600155657 /* Debug */ = {
			isa = XCBuildConfiguration;
			buildSettings = {
				ALWAYS_SEARCH_USER_PATHS = NO;
				ASSETCATALOG_COMPILER_GENERATE_SWIFT_ASSET_SYMBOL_EXTENSIONS = YES;
				CLANG_ANALYZER_NONNULL = YES;
				CLANG_ANALYZER_NUMBER_OBJECT_CONVERSION = YES_AGGRESSIVE;
				CLANG_CXX_LANGUAGE_STANDARD = "gnu++20";
				CLANG_ENABLE_MODULES = YES;
				CLANG_ENABLE_OBJC_ARC = YES;
				CLANG_ENABLE_OBJC_WEAK = YES;
				CLANG_WARN_BLOCK_CAPTURE_AUTORELEASING = YES;
				CLANG_WARN_BOOL_CONVERSION = YES;
				CLANG_WARN_COMMA = YES;
				CLANG_WARN_CONSTANT_CONVERSION = YES;
				CLANG_WARN_DEPRECATED_OBJC_IMPLEMENTATIONS = YES;
				CLANG_WARN_DIRECT_OBJC_ISA_USAGE = YES_ERROR;
				CLANG_WARN_DOCUMENTATION_COMMENTS = YES;
				CLANG_WARN_EMPTY_BODY = YES;
				CLANG_WARN_ENUM_CONVERSION = YES;
				CLANG_WARN_INFINITE_RECURSION = YES;
				CLANG_WARN_INT_CONVERSION = YES;
				CLANG_WARN_NON_LITERAL_NULL_CONVERSION = YES;
				CLANG_WARN_OBJC_IMPLICIT_RETAIN_SELF = YES;
				CLANG_WARN_OBJC_LITERAL_CONVERSION = YES;
				CLANG_WARN_OBJC_ROOT_CLASS = YES_ERROR;
				CLANG_WARN_QUOTED_INCLUDE_IN_FRAMEWORK_HEADER = YES;
				CLANG_WARN_RANGE_LOOP_ANALYSIS = YES;
				CLANG_WARN_STRICT_PROTOTYPES = YES;
				CLANG_WARN_SUSPICIOUS_MOVE = YES;
				CLANG_WARN_UNGUARDED_AVAILABILITY = YES_AGGRESSIVE;
				CLANG_WARN_UNREACHABLE_CODE = YES;
				CLANG_WARN__DUPLICATE_METHOD_MATCH = YES;
				COPY_PHASE_STRIP = NO;
				DEAD_CODE_STRIPPING = YES;
				DEBUG_INFORMATION_FORMAT = dwarf;
				ENABLE_STRICT_OBJC_MSGSEND = YES;
				ENABLE_TESTABILITY = YES;
				ENABLE_USER_SCRIPT_SANDBOXING = YES;
				GCC_C_LANGUAGE_STANDARD = gnu17;
				GCC_DYNAMIC_NO_PIC = NO;
				GCC_NO_COMMON_BLOCKS = YES;
				GCC_OPTIMIZATION_LEVEL = 0;
				GCC_PREPROCESSOR_DEFINITIONS = (
					"DEBUG=1",
					"$(inherited)",
				);
				GCC_WARN_64_TO_32_BIT_CONVERSION = YES;
				GCC_WARN_ABOUT_RETURN_TYPE = YES_ERROR;
				GCC_WARN_UNDECLARED_SELECTOR = YES;
				GCC_WARN_UNINITIALIZED_AUTOS = YES_AGGRESSIVE;
				GCC_WARN_UNUSED_FUNCTION = YES;
				GCC_WARN_UNUSED_VARIABLE = YES;
				LOCALIZATION_PREFERS_STRING_CATALOGS = YES;
				MTL_ENABLE_DEBUG_INFO = INCLUDE_SOURCE;
				MTL_FAST_MATH = YES;
				ONLY_ACTIVE_ARCH = YES;
				SWIFT_ACTIVE_COMPILATION_CONDITIONS = "DEBUG $(inherited)";
				SWIFT_OPTIMIZATION_LEVEL = "-Onone";
			};
			name = Debug;
		};
		CC8DF6632BA1FC1600155657 /* Release */ = {
			isa = XCBuildConfiguration;
			buildSettings = {
				ALWAYS_SEARCH_USER_PATHS = NO;
				ASSETCATALOG_COMPILER_GENERATE_SWIFT_ASSET_SYMBOL_EXTENSIONS = YES;
				CLANG_ANALYZER_NONNULL = YES;
				CLANG_ANALYZER_NUMBER_OBJECT_CONVERSION = YES_AGGRESSIVE;
				CLANG_CXX_LANGUAGE_STANDARD = "gnu++20";
				CLANG_ENABLE_MODULES = YES;
				CLANG_ENABLE_OBJC_ARC = YES;
				CLANG_ENABLE_OBJC_WEAK = YES;
				CLANG_WARN_BLOCK_CAPTURE_AUTORELEASING = YES;
				CLANG_WARN_BOOL_CONVERSION = YES;
				CLANG_WARN_COMMA = YES;
				CLANG_WARN_CONSTANT_CONVERSION = YES;
				CLANG_WARN_DEPRECATED_OBJC_IMPLEMENTATIONS = YES;
				CLANG_WARN_DIRECT_OBJC_ISA_USAGE = YES_ERROR;
				CLANG_WARN_DOCUMENTATION_COMMENTS = YES;
				CLANG_WARN_EMPTY_BODY = YES;
				CLANG_WARN_ENUM_CONVERSION = YES;
				CLANG_WARN_INFINITE_RECURSION = YES;
				CLANG_WARN_INT_CONVERSION = YES;
				CLANG_WARN_NON_LITERAL_NULL_CONVERSION = YES;
				CLANG_WARN_OBJC_IMPLICIT_RETAIN_SELF = YES;
				CLANG_WARN_OBJC_LITERAL_CONVERSION = YES;
				CLANG_WARN_OBJC_ROOT_CLASS = YES_ERROR;
				CLANG_WARN_QUOTED_INCLUDE_IN_FRAMEWORK_HEADER = YES;
				CLANG_WARN_RANGE_LOOP_ANALYSIS = YES;
				CLANG_WARN_STRICT_PROTOTYPES = YES;
				CLANG_WARN_SUSPICIOUS_MOVE = YES;
				CLANG_WARN_UNGUARDED_AVAILABILITY = YES_AGGRESSIVE;
				CLANG_WARN_UNREACHABLE_CODE = YES;
				CLANG_WARN__DUPLICATE_METHOD_MATCH = YES;
				COPY_PHASE_STRIP = NO;
				DEAD_CODE_STRIPPING = YES;
				DEBUG_INFORMATION_FORMAT = "dwarf-with-dsym";
				ENABLE_NS_ASSERTIONS = NO;
				ENABLE_STRICT_OBJC_MSGSEND = YES;
				ENABLE_USER_SCRIPT_SANDBOXING = YES;
				GCC_C_LANGUAGE_STANDARD = gnu17;
				GCC_NO_COMMON_BLOCKS = YES;
				GCC_WARN_64_TO_32_BIT_CONVERSION = YES;
				GCC_WARN_ABOUT_RETURN_TYPE = YES_ERROR;
				GCC_WARN_UNDECLARED_SELECTOR = YES;
				GCC_WARN_UNINITIALIZED_AUTOS = YES_AGGRESSIVE;
				GCC_WARN_UNUSED_FUNCTION = YES;
				GCC_WARN_UNUSED_VARIABLE = YES;
				LOCALIZATION_PREFERS_STRING_CATALOGS = YES;
				MTL_ENABLE_DEBUG_INFO = NO;
				MTL_FAST_MATH = YES;
				SWIFT_COMPILATION_MODE = wholemodule;
			};
			name = Release;
		};
		CC8DF6652BA1FC1600155657 /* Debug */ = {
			isa = XCBuildConfiguration;
			buildSettings = {
				ASSETCATALOG_COMPILER_APPICON_NAME = AppIcon;
				ASSETCATALOG_COMPILER_GLOBAL_ACCENT_COLOR_NAME = AccentColor;
				CODE_SIGN_ENTITLEMENTS = "";
				CODE_SIGN_STYLE = Automatic;
				CURRENT_PROJECT_VERSION = 1;
				DEAD_CODE_STRIPPING = YES;
				DEVELOPMENT_ASSET_PATHS = "\"Animang/Preview Content\"";
				DEVELOPMENT_TEAM = G5VVBGL99L;
				ENABLE_HARDENED_RUNTIME = YES;
				ENABLE_PREVIEWS = YES;
				GENERATE_INFOPLIST_FILE = YES;
				INFOPLIST_FILE = "";
				"INFOPLIST_KEY_UIApplicationSceneManifest_Generation[sdk=iphoneos*]" = YES;
				"INFOPLIST_KEY_UIApplicationSceneManifest_Generation[sdk=iphonesimulator*]" = YES;
				"INFOPLIST_KEY_UIApplicationSupportsIndirectInputEvents[sdk=iphoneos*]" = YES;
				"INFOPLIST_KEY_UIApplicationSupportsIndirectInputEvents[sdk=iphonesimulator*]" = YES;
				"INFOPLIST_KEY_UILaunchScreen_Generation[sdk=iphoneos*]" = YES;
				"INFOPLIST_KEY_UILaunchScreen_Generation[sdk=iphonesimulator*]" = YES;
				"INFOPLIST_KEY_UIStatusBarStyle[sdk=iphoneos*]" = UIStatusBarStyleDefault;
				"INFOPLIST_KEY_UIStatusBarStyle[sdk=iphonesimulator*]" = UIStatusBarStyleDefault;
				INFOPLIST_KEY_UISupportedInterfaceOrientations_iPad = "UIInterfaceOrientationPortrait UIInterfaceOrientationPortraitUpsideDown UIInterfaceOrientationLandscapeLeft UIInterfaceOrientationLandscapeRight";
				INFOPLIST_KEY_UISupportedInterfaceOrientations_iPhone = "UIInterfaceOrientationPortrait UIInterfaceOrientationLandscapeLeft UIInterfaceOrientationLandscapeRight";
				IPHONEOS_DEPLOYMENT_TARGET = 17.4;
				LD_RUNPATH_SEARCH_PATHS = "@executable_path/Frameworks";
				"LD_RUNPATH_SEARCH_PATHS[sdk=macosx*]" = "@executable_path/../Frameworks";
				MACOSX_DEPLOYMENT_TARGET = 14.4;
				MARKETING_VERSION = 1.0;
				PRODUCT_BUNDLE_IDENTIFIER = com.manel.Animang;
				PRODUCT_NAME = "$(TARGET_NAME)";
				SDKROOT = auto;
				SUPPORTED_PLATFORMS = "iphoneos iphonesimulator macosx";
				SWIFT_EMIT_LOC_STRINGS = YES;
				SWIFT_VERSION = 5.0;
				TARGETED_DEVICE_FAMILY = "1,2";
			};
			name = Debug;
		};
		CC8DF6662BA1FC1600155657 /* Release */ = {
			isa = XCBuildConfiguration;
			buildSettings = {
				ASSETCATALOG_COMPILER_APPICON_NAME = AppIcon;
				ASSETCATALOG_COMPILER_GLOBAL_ACCENT_COLOR_NAME = AccentColor;
				CODE_SIGN_ENTITLEMENTS = "";
				CODE_SIGN_STYLE = Automatic;
				CURRENT_PROJECT_VERSION = 1;
				DEAD_CODE_STRIPPING = YES;
				DEVELOPMENT_ASSET_PATHS = "\"Animang/Preview Content\"";
				DEVELOPMENT_TEAM = G5VVBGL99L;
				ENABLE_HARDENED_RUNTIME = YES;
				ENABLE_PREVIEWS = YES;
				GENERATE_INFOPLIST_FILE = YES;
				INFOPLIST_FILE = "";
				"INFOPLIST_KEY_UIApplicationSceneManifest_Generation[sdk=iphoneos*]" = YES;
				"INFOPLIST_KEY_UIApplicationSceneManifest_Generation[sdk=iphonesimulator*]" = YES;
				"INFOPLIST_KEY_UIApplicationSupportsIndirectInputEvents[sdk=iphoneos*]" = YES;
				"INFOPLIST_KEY_UIApplicationSupportsIndirectInputEvents[sdk=iphonesimulator*]" = YES;
				"INFOPLIST_KEY_UILaunchScreen_Generation[sdk=iphoneos*]" = YES;
				"INFOPLIST_KEY_UILaunchScreen_Generation[sdk=iphonesimulator*]" = YES;
				"INFOPLIST_KEY_UIStatusBarStyle[sdk=iphoneos*]" = UIStatusBarStyleDefault;
				"INFOPLIST_KEY_UIStatusBarStyle[sdk=iphonesimulator*]" = UIStatusBarStyleDefault;
				INFOPLIST_KEY_UISupportedInterfaceOrientations_iPad = "UIInterfaceOrientationPortrait UIInterfaceOrientationPortraitUpsideDown UIInterfaceOrientationLandscapeLeft UIInterfaceOrientationLandscapeRight";
				INFOPLIST_KEY_UISupportedInterfaceOrientations_iPhone = "UIInterfaceOrientationPortrait UIInterfaceOrientationLandscapeLeft UIInterfaceOrientationLandscapeRight";
				IPHONEOS_DEPLOYMENT_TARGET = 17.4;
				LD_RUNPATH_SEARCH_PATHS = "@executable_path/Frameworks";
				"LD_RUNPATH_SEARCH_PATHS[sdk=macosx*]" = "@executable_path/../Frameworks";
				MACOSX_DEPLOYMENT_TARGET = 14.4;
				MARKETING_VERSION = 1.0;
				PRODUCT_BUNDLE_IDENTIFIER = com.manel.Animang;
				PRODUCT_NAME = "$(TARGET_NAME)";
				SDKROOT = auto;
				SUPPORTED_PLATFORMS = "iphoneos iphonesimulator macosx";
				SWIFT_EMIT_LOC_STRINGS = YES;
				SWIFT_VERSION = 5.0;
				TARGETED_DEVICE_FAMILY = "1,2";
			};
			name = Release;
		};
/* End XCBuildConfiguration section */

/* Begin XCConfigurationList section */
		CC8DF6502BA1FC1500155657 /* Build configuration list for PBXProject "Animang" */ = {
			isa = XCConfigurationList;
			buildConfigurations = (
				CC8DF6622BA1FC1600155657 /* Debug */,
				CC8DF6632BA1FC1600155657 /* Release */,
			);
			defaultConfigurationIsVisible = 0;
			defaultConfigurationName = Release;
		};
		CC8DF6642BA1FC1600155657 /* Build configuration list for PBXNativeTarget "Animang" */ = {
			isa = XCConfigurationList;
			buildConfigurations = (
				CC8DF6652BA1FC1600155657 /* Debug */,
				CC8DF6662BA1FC1600155657 /* Release */,
			);
			defaultConfigurationIsVisible = 0;
			defaultConfigurationName = Release;
		};
/* End XCConfigurationList section */

/* Begin XCRemoteSwiftPackageReference section */
		CC77C4802BA665EE00A2F6C4 /* XCRemoteSwiftPackageReference "SwiftSoup" */ = {
			isa = XCRemoteSwiftPackageReference;
			repositoryURL = "https://github.com/scinfu/SwiftSoup";
			requirement = {
				kind = upToNextMajorVersion;
				minimumVersion = 2.7.1;
			};
		};
/* End XCRemoteSwiftPackageReference section */

/* Begin XCSwiftPackageProductDependency section */
		CC77C4812BA665EE00A2F6C4 /* SwiftSoup */ = {
			isa = XCSwiftPackageProductDependency;
			package = CC77C4802BA665EE00A2F6C4 /* XCRemoteSwiftPackageReference "SwiftSoup" */;
			productName = SwiftSoup;
		};
/* End XCSwiftPackageProductDependency section */
	};
	rootObject = CC8DF64D2BA1FC1500155657 /* Project object */;
}
